# This file is automatically @generated by Cargo.
# It is not intended for manual editing.
version = 4

[[package]]
name = "bench-infer"
version = "0.1.0"

[[package]]
name = "capture-preview"
version = "0.1.0"

[[package]]
name = "etk-capture"
version = "0.1.0"

[[package]]
name = "etk-config"
version = "0.1.0"

[[package]]
name = "etk-geom"
version = "0.1.0"

[[package]]
name = "etk-gui"
version = "0.1.0"

[[package]]
name = "etk-infer"
version = "0.1.0"

[[package]]
name = "etk-output"
version = "0.1.0"

[[package]]
name = "etk-preproc"
version = "0.1.0"

[[package]]
name = "eye-tracker"
version = "0.1.0"

[[package]]
name = "track-preview"
version = "0.1.0"
